
Microsoft Visual Studio Solution File, Format Version 12.00
# Visual Studio Version 17
VisualStudioVersion = 17.11.35327.3
MinimumVisualStudioVersion = 10.0.40219.1
Project("{FAE04EC0-301F-11D3-BF4B-00C04F79EFBC}") = "PRG_ASSG", "PRG_ASSG.csproj", "{373DDDC6-9459-4C0F-94A7-33DFEC488672}"
EndProject
Global
	GlobalSection(SolutionConfigurationPlatforms) = preSolution
		Debug|Any CPU = Debug|Any CPU
		Release|Any CPU = Release|Any CPU
	EndGlobalSection
	GlobalSection(ProjectConfigurationPlatforms) = postSolution
		{373DDDC6-9459-4C0F-94A7-33DFEC488672}.Debug|Any CPU.ActiveCfg = Debug|Any CPU
		{373DDDC6-9459-4C0F-94A7-33DFEC488672}.Debug|Any CPU.Build.0 = Debug|Any CPU
		{373DDDC6-9459-4C0F-94A7-33DFEC488672}.Release|Any CPU.ActiveCfg = Release|Any CPU
		{373DDDC6-9459-4C0F-94A7-33DFEC488672}.Release|Any CPU.Build.0 = Release|Any CPU
	EndGlobalSection
	GlobalSection(SolutionProperties) = preSolution
		HideSolutionNode = FALSE
	EndGlobalSection
	GlobalSection(ExtensibilityGlobals) = postSolution
		SolutionGuid = {B2AE2CA0-66E7-47E1-BF46-75BFED5033CB}
	EndGlobalSection
EndGlobal
